
Microsoft Visual Studio Solution File, Format Version 12.00
# Visual Studio 14
VisualStudioVersion = 14.0.25420.1
MinimumVisualStudioVersion = 10.0.40219.1
Project("{FAE04EC0-301F-11D3-BF4B-00C04F79EFBC}") = "02_Thread", "02_Thread\02_Thread.csproj", "{031090A7-E837-4B7E-B1D2-CE18F7F2384B}"
EndProject
Project("{FAE04EC0-301F-11D3-BF4B-00C04F79EFBC}") = "03_MultThread", "03_MultThread\03_MultThread.csproj", "{4A3160B4-1DBF-4A86-9C18-AEB2FD2C02A1}"
EndProject
Project("{FAE04EC0-301F-11D3-BF4B-00C04F79EFBC}") = "04_ThreadBackground", "04_ThreadBackground\04_ThreadBackground.csproj", "{65ADDB7C-1F7D-4EE4-8AA9-6F31B41A969A}"
EndProject
Project("{FAE04EC0-301F-11D3-BF4B-00C04F79EFBC}") = "05_ThreadSafe", "05_ThreadSafe\05_ThreadSafe.csproj", "{4084DAB0-0CD8-4506-AFE5-6BCDBECB3C49}"
EndProject
Project("{FAE04EC0-301F-11D3-BF4B-00C04F79EFBC}") = "06_ThreadId", "06_ThreadId\06_ThreadId.csproj", "{2A72A5D1-3D40-4C68-8CB3-8236318D6A39}"
EndProject
Project("{FAE04EC0-301F-11D3-BF4B-00C04F79EFBC}") = "07_ThreadMethods", "07_ThreadMethods\07_ThreadMethods.csproj", "{0154C738-CF16-47CB-AE85-C6AED94BF5FB}"
EndProject
Project("{FAE04EC0-301F-11D3-BF4B-00C04F79EFBC}") = "08_AutoManual", "08_AutoManual\08_AutoManual.csproj", "{F0F71E57-2E45-4DC2-B45F-2CB87692BD4A}"
EndProject
Global
	GlobalSection(SolutionConfigurationPlatforms) = preSolution
		Debug|Any CPU = Debug|Any CPU
		Release|Any CPU = Release|Any CPU
	EndGlobalSection
	GlobalSection(ProjectConfigurationPlatforms) = postSolution
		{031090A7-E837-4B7E-B1D2-CE18F7F2384B}.Debug|Any CPU.ActiveCfg = Debug|Any CPU
		{031090A7-E837-4B7E-B1D2-CE18F7F2384B}.Debug|Any CPU.Build.0 = Debug|Any CPU
		{031090A7-E837-4B7E-B1D2-CE18F7F2384B}.Release|Any CPU.ActiveCfg = Release|Any CPU
		{031090A7-E837-4B7E-B1D2-CE18F7F2384B}.Release|Any CPU.Build.0 = Release|Any CPU
		{4A3160B4-1DBF-4A86-9C18-AEB2FD2C02A1}.Debug|Any CPU.ActiveCfg = Debug|Any CPU
		{4A3160B4-1DBF-4A86-9C18-AEB2FD2C02A1}.Debug|Any CPU.Build.0 = Debug|Any CPU
		{4A3160B4-1DBF-4A86-9C18-AEB2FD2C02A1}.Release|Any CPU.ActiveCfg = Release|Any CPU
		{4A3160B4-1DBF-4A86-9C18-AEB2FD2C02A1}.Release|Any CPU.Build.0 = Release|Any CPU
		{65ADDB7C-1F7D-4EE4-8AA9-6F31B41A969A}.Debug|Any CPU.ActiveCfg = Debug|Any CPU
		{65ADDB7C-1F7D-4EE4-8AA9-6F31B41A969A}.Debug|Any CPU.Build.0 = Debug|Any CPU
		{65ADDB7C-1F7D-4EE4-8AA9-6F31B41A969A}.Release|Any CPU.ActiveCfg = Release|Any CPU
		{65ADDB7C-1F7D-4EE4-8AA9-6F31B41A969A}.Release|Any CPU.Build.0 = Release|Any CPU
		{4084DAB0-0CD8-4506-AFE5-6BCDBECB3C49}.Debug|Any CPU.ActiveCfg = Debug|Any CPU
		{4084DAB0-0CD8-4506-AFE5-6BCDBECB3C49}.Debug|Any CPU.Build.0 = Debug|Any CPU
		{4084DAB0-0CD8-4506-AFE5-6BCDBECB3C49}.Release|Any CPU.ActiveCfg = Release|Any CPU
		{4084DAB0-0CD8-4506-AFE5-6BCDBECB3C49}.Release|Any CPU.Build.0 = Release|Any CPU
		{2A72A5D1-3D40-4C68-8CB3-8236318D6A39}.Debug|Any CPU.ActiveCfg = Debug|Any CPU
		{2A72A5D1-3D40-4C68-8CB3-8236318D6A39}.Debug|Any CPU.Build.0 = Debug|Any CPU
		{2A72A5D1-3D40-4C68-8CB3-8236318D6A39}.Release|Any CPU.ActiveCfg = Release|Any CPU
		{2A72A5D1-3D40-4C68-8CB3-8236318D6A39}.Release|Any CPU.Build.0 = Release|Any CPU
		{0154C738-CF16-47CB-AE85-C6AED94BF5FB}.Debug|Any CPU.ActiveCfg = Debug|Any CPU
		{0154C738-CF16-47CB-AE85-C6AED94BF5FB}.Debug|Any CPU.Build.0 = Debug|Any CPU
		{0154C738-CF16-47CB-AE85-C6AED94BF5FB}.Release|Any CPU.ActiveCfg = Release|Any CPU
		{0154C738-CF16-47CB-AE85-C6AED94BF5FB}.Release|Any CPU.Build.0 = Release|Any CPU
		{F0F71E57-2E45-4DC2-B45F-2CB87692BD4A}.Debug|Any CPU.ActiveCfg = Debug|Any CPU
		{F0F71E57-2E45-4DC2-B45F-2CB87692BD4A}.Debug|Any CPU.Build.0 = Debug|Any CPU
		{F0F71E57-2E45-4DC2-B45F-2CB87692BD4A}.Release|Any CPU.ActiveCfg = Release|Any CPU
		{F0F71E57-2E45-4DC2-B45F-2CB87692BD4A}.Release|Any CPU.Build.0 = Release|Any CPU
	EndGlobalSection
	GlobalSection(SolutionProperties) = preSolution
		HideSolutionNode = FALSE
	EndGlobalSection
EndGlobal
